{
  "version": 4,
  "terraform_version": "1.9.8",
  "serial": 3,
  "lineage": "a4ecd16e-0134-a536-5be7-9fabe568b584",
  "outputs": {},
  "resources": [
    {
      "module": "module.gcs",
      "mode": "managed",
      "type": "google_storage_bucket",
      "name": "gcs_bucket",
      "provider": "provider[\"registry.terraform.io/hashicorp/google\"]",
      "instances": [
        {
          "schema_version": 2,
          "attributes": {
            "autoclass": [],
            "cors": [],
            "custom_placement_config": [],
            "default_event_based_hold": false,
            "effective_labels": {},
            "enable_object_retention": false,
            "encryption": [],
            "force_destroy": true,
            "id": "lvc-tc-mn-d-bckt",
            "labels": null,
            "lifecycle_rule": [],
            "location": "US",
            "logging": [],
            "name": "lvc-tc-mn-d-bckt",
            "project": "lvc-tc-mn-d",
            "project_number": 175579495168,
            "public_access_prevention": "inherited",
            "requester_pays": false,
            "retention_policy": [],
            "rpo": "DEFAULT",
            "self_link": "https://www.googleapis.com/storage/v1/b/lvc-tc-mn-d-bckt",
            "soft_delete_policy": [
              {
                "effective_time": "2025-12-06T12:01:36.922Z",
                "retention_duration_seconds": 604800
              }
            ],
            "storage_class": "STANDARD",
            "terraform_labels": {},
            "timeouts": null,
            "uniform_bucket_level_access": false,
            "url": "gs://lvc-tc-mn-d-bckt",
            "versioning": [],
            "website": []
          },
          "sensitive_attributes": [],
          "private": "eyJlMmJmYjczMC1lY2FhLTExZTYtOGY4OC0zNDM2M2JjN2M0YzAiOnsiY3JlYXRlIjo2MDAwMDAwMDAwMDAsInJlYWQiOjI0MDAwMDAwMDAwMCwidXBkYXRlIjoyNDAwMDAwMDAwMDB9LCJzY2hlbWFfdmVyc2lvbiI6IjIifQ=="
        }
      ]
    }
  ],
  "check_results": null
}
